// !$*UTF8*$!
{
	archiveVersion = 1;
	classes = {
	};
	objectVersion = 46;
	objects = {

/* Begin PBXBuildFile section */
		1FFD343B196C317000E84FF2 /* Foundation.framework in Frameworks */ = {isa = PBXBuildFile; fileRef = 1FFD343A196C317000E84FF2 /* Foundation.framework */; };
		1FFD343D196C317000E84FF2 /* CoreGraphics.framework in Frameworks */ = {isa = PBXBuildFile; fileRef = 1FFD343C196C317000E84FF2 /* CoreGraphics.framework */; };
		1FFD343F196C317100E84FF2 /* UIKit.framework in Frameworks */ = {isa = PBXBuildFile; fileRef = 1FFD343E196C317000E84FF2 /* UIKit.framework */; };
		1FFD3445196C317100E84FF2 /* InfoPlist.strings in Resources */ = {isa = PBXBuildFile; fileRef = 1FFD3443196C317100E84FF2 /* InfoPlist.strings */; };
		1FFD3447196C317100E84FF2 /* main.m in Sources */ = {isa = PBXBuildFile; fileRef = 1FFD3446196C317100E84FF2 /* main.m */; };
		1FFD344B196C317100E84FF2 /* AppDelegate.m in Sources */ = {isa = PBXBuildFile; fileRef = 1FFD344A196C317100E84FF2 /* AppDelegate.m */; };
		1FFD344E196C317100E84FF2 /* Main_iPhone.storyboard in Resources */ = {isa = PBXBuildFile; fileRef = 1FFD344C196C317100E84FF2 /* Main_iPhone.storyboard */; };
		1FFD3451196C317100E84FF2 /* Main_iPad.storyboard in Resources */ = {isa = PBXBuildFile; fileRef = 1FFD344F196C317100E84FF2 /* Main_iPad.storyboard */; };
		1FFD3454196C317100E84FF2 /* ViewController.m in Sources */ = {isa = PBXBuildFile; fileRef = 1FFD3453196C317100E84FF2 /* ViewController.m */; };
		1FFD3456196C317100E84FF2 /* Images.xcassets in Resources */ = {isa = PBXBuildFile; fileRef = 1FFD3455196C317100E84FF2 /* Images.xcassets */; };
		1FFD345D196C317100E84FF2 /* XCTest.framework in Frameworks */ = {isa = PBXBuildFile; fileRef = 1FFD345C196C317100E84FF2 /* XCTest.framework */; };
		1FFD345E196C317100E84FF2 /* Foundation.framework in Frameworks */ = {isa = PBXBuildFile; fileRef = 1FFD343A196C317000E84FF2 /* Foundation.framework */; };
		1FFD345F196C317100E84FF2 /* UIKit.framework in Frameworks */ = {isa = PBXBuildFile; fileRef = 1FFD343E196C317000E84FF2 /* UIKit.framework */; };
		1FFD3467196C317100E84FF2 /* InfoPlist.strings in Resources */ = {isa = PBXBuildFile; fileRef = 1FFD3465196C317100E84FF2 /* InfoPlist.strings */; };
		1FFD3469196C317100E84FF2 /* loginTests.m in Sources */ = {isa = PBXBuildFile; fileRef = 1FFD3468196C317100E84FF2 /* loginTests.m */; };
/* End PBXBuildFile section */

/* Begin PBXContainerItemProxy section */
		1FFD3460196C317100E84FF2 /* PBXContainerItemProxy */ = {
			isa = PBXContainerItemProxy;
			containerPortal = 1FFD342F196C317000E84FF2 /* Project object */;
			proxyType = 1;
			remoteGlobalIDString = 1FFD3436196C317000E84FF2;
			remoteInfo = login;
		};
/* End PBXContainerItemProxy section */

/* Begin PBXFileReference section */
		1FFD3437196C317000E84FF2 /* login.app */ = {isa = PBXFileReference; explicitFileType = wrapper.application; includeInIndex = 0; path = login.app; sourceTree = BUILT_PRODUCTS_DIR; };
		1FFD343A196C317000E84FF2 /* Foundation.framework */ = {isa = PBXFileReference; lastKnownFileType = wrapper.framework; name = Foundation.framework; path = System/Library/Frameworks/Foundation.framework; sourceTree = SDKROOT; };
		1FFD343C196C317000E84FF2 /* CoreGraphics.framework */ = {isa = PBXFileReference; lastKnownFileType = wrapper.framework; name = CoreGraphics.framework; path = System/Library/Frameworks/CoreGraphics.framework; sourceTree = SDKROOT; };
		1FFD343E196C317000E84FF2 /* UIKit.framework */ = {isa = PBXFileReference; lastKnownFileType = wrapper.framework; name = UIKit.framework; path = System/Library/Frameworks/UIKit.framework; sourceTree = SDKROOT; };
		1FFD3442196C317100E84FF2 /* login-Info.plist */ = {isa = PBXFileReference; lastKnownFileType = text.plist.xml; path = "login-Info.plist"; sourceTree = "<group>"; };
		1FFD3444196C317100E84FF2 /* en */ = {isa = PBXFileReference; lastKnownFileType = text.plist.strings; name = en; path = en.lproj/InfoPlist.strings; sourceTree = "<group>"; };
		1FFD3446196C317100E84FF2 /* main.m */ = {isa = PBXFileReference; lastKnownFileType = sourcecode.c.objc; path = main.m; sourceTree = "<group>"; };
		1FFD3448196C317100E84FF2 /* login-Prefix.pch */ = {isa = PBXFileReference; lastKnownFileType = sourcecode.c.h; path = "login-Prefix.pch"; sourceTree = "<group>"; };
		1FFD3449196C317100E84FF2 /* AppDelegate.h */ = {isa = PBXFileReference; lastKnownFileType = sourcecode.c.h; path = AppDelegate.h; sourceTree = "<group>"; };
		1FFD344A196C317100E84FF2 /* AppDelegate.m */ = {isa = PBXFileReference; lastKnownFileType = sourcecode.c.objc; path = AppDelegate.m; sourceTree = "<group>"; };
		1FFD344D196C317100E84FF2 /* Base */ = {isa = PBXFileReference; lastKnownFileType = file.storyboard; name = Base; path = Base.lproj/Main_iPhone.storyboard; sourceTree = "<group>"; };
		1FFD3450196C317100E84FF2 /* Base */ = {isa = PBXFileReference; lastKnownFileType = file.storyboard; name = Base; path = Base.lproj/Main_iPad.storyboard; sourceTree = "<group>"; };
		1FFD3452196C317100E84FF2 /* ViewController.h */ = {isa = PBXFileReference; lastKnownFileType = sourcecode.c.h; path = ViewController.h; sourceTree = "<group>"; };
		1FFD3453196C317100E84FF2 /* ViewController.m */ = {isa = PBXFileReference; lastKnownFileType = sourcecode.c.objc; path = ViewController.m; sourceTree = "<group>"; };
		1FFD3455196C317100E84FF2 /* Images.xcassets */ = {isa = PBXFileReference; lastKnownFileType = folder.assetcatalog; path = Images.xcassets; sourceTree = "<group>"; };
		1FFD345B196C317100E84FF2 /* loginTests.xctest */ = {isa = PBXFileReference; explicitFileType = wrapper.cfbundle; includeInIndex = 0; path = loginTests.xctest; sourceTree = BUILT_PRODUCTS_DIR; };
		1FFD345C196C317100E84FF2 /* XCTest.framework */ = {isa = PBXFileReference; lastKnownFileType = wrapper.framework; name = XCTest.framework; path = Library/Frameworks/XCTest.framework; sourceTree = DEVELOPER_DIR; };
		1FFD3464196C317100E84FF2 /* loginTests-Info.plist */ = {isa = PBXFileReference; lastKnownFileType = text.plist.xml; path = "loginTests-Info.plist"; sourceTree = "<group>"; };
		1FFD3466196C317100E84FF2 /* en */ = {isa = PBXFileReference; lastKnownFileType = text.plist.strings; name = en; path = en.lproj/InfoPlist.strings; sourceTree = "<group>"; };
		1FFD3468196C317100E84FF2 /* loginTests.m */ = {isa = PBXFileReference; lastKnownFileType = sourcecode.c.objc; path = loginTests.m; sourceTree = "<group>"; };
/* End PBXFileReference section */

/* Begin PBXFrameworksBuildPhase section */
		1FFD3434196C317000E84FF2 /* Frameworks */ = {
			isa = PBXFrameworksBuildPhase;
			buildActionMask = 2147483647;
			files = (
				1FFD343D196C317000E84FF2 /* CoreGraphics.framework in Frameworks */,
				1FFD343F196C317100E84FF2 /* UIKit.framework in Frameworks */,
				1FFD343B196C317000E84FF2 /* Foundation.framework in Frameworks */,
			);
			runOnlyForDeploymentPostprocessing = 0;
		};
		1FFD3458196C317100E84FF2 /* Frameworks */ = {
			isa = PBXFrameworksBuildPhase;
			buildActionMask = 2147483647;
			files = (
				1FFD345D196C317100E84FF2 /* XCTest.framework in Frameworks */,
				1FFD345F196C317100E84FF2 /* UIKit.framework in Frameworks */,
				1FFD345E196C317100E84FF2 /* Foundation.framework in Frameworks */,
			);
			runOnlyForDeploymentPostprocessing = 0;
		};
/* End PBXFrameworksBuildPhase section */

/* Begin PBXGroup section */
		1FFD342E196C317000E84FF2 = {
			isa = PBXGroup;
			children = (
				1FFD3440196C317100E84FF2 /* login */,
				1FFD3462196C317100E84FF2 /* loginTests */,
				1FFD3439196C317000E84FF2 /* Frameworks */,
				1FFD3438196C317000E84FF2 /* Products */,
			);
			sourceTree = "<group>";
		};
		1FFD3438196C317000E84FF2 /* Products */ = {
			isa = PBXGroup;
			children = (
				1FFD3437196C317000E84FF2 /* login.app */,
				1FFD345B196C317100E84FF2 /* loginTests.xctest */,
			);
			name = Products;
			sourceTree = "<group>";
		};
		1FFD3439196C317000E84FF2 /* Frameworks */ = {
			isa = PBXGroup;
			children = (
				1FFD343A196C317000E84FF2 /* Foundation.framework */,
				1FFD343C196C317000E84FF2 /* CoreGraphics.framework */,
				1FFD343E196C317000E84FF2 /* UIKit.framework */,
				1FFD345C196C317100E84FF2 /* XCTest.framework */,
			);
			name = Frameworks;
			sourceTree = "<group>";
		};
		1FFD3440196C317100E84FF2 /* login */ = {
			isa = PBXGroup;
			children = (
				1FFD3449196C317100E84FF2 /* AppDelegate.h */,
				1FFD344A196C317100E84FF2 /* AppDelegate.m */,
				1FFD344C196C317100E84FF2 /* Main_iPhone.storyboard */,
				1FFD344F196C317100E84FF2 /* Main_iPad.storyboard */,
				1FFD3452196C317100E84FF2 /* ViewController.h */,
				1FFD3453196C317100E84FF2 /* ViewController.m */,
				1FFD3455196C317100E84FF2 /* Images.xcassets */,
				1FFD3441196C317100E84FF2 /* Supporting Files */,
			);
			path = login;
			sourceTree = "<group>";
		};
		1FFD3441196C317100E84FF2 /* Supporting Files */ = {
			isa = PBXGroup;
			children = (
				1FFD3442196C317100E84FF2 /* login-Info.plist */,
				1FFD3443196C317100E84FF2 /* InfoPlist.strings */,
				1FFD3446196C317100E84FF2 /* main.m */,
				1FFD3448196C317100E84FF2 /* login-Prefix.pch */,
			);
			name = "Supporting Files";
			sourceTree = "<group>";
		};
		1FFD3462196C317100E84FF2 /* loginTests */ = {
			isa = PBXGroup;
			children = (
				1FFD3468196C317100E84FF2 /* loginTests.m */,
				1FFD3463196C317100E84FF2 /* Supporting Files */,
			);
			path = loginTests;
			sourceTree = "<group>";
		};
		1FFD3463196C317100E84FF2 /* Supporting Files */ = {
			isa = PBXGroup;
			children = (
				1FFD3464196C317100E84FF2 /* loginTests-Info.plist */,
				1FFD3465196C317100E84FF2 /* InfoPlist.strings */,
			);
			name = "Supporting Files";
			sourceTree = "<group>";
		};
/* End PBXGroup section */

/* Begin PBXNativeTarget section */
		1FFD3436196C317000E84FF2 /* login */ = {
			isa = PBXNativeTarget;
			buildConfigurationList = 1FFD346C196C317100E84FF2 /* Build configuration list for PBXNativeTarget "login" */;
			buildPhases = (
				1FFD3433196C317000E84FF2 /* Sources */,
				1FFD3434196C317000E84FF2 /* Frameworks */,
				1FFD3435196C317000E84FF2 /* Resources */,
			);
			buildRules = (
			);
			dependencies = (
			);
			name = login;
			productName = login;
			productReference = 1FFD3437196C317000E84FF2 /* login.app */;
			productType = "com.apple.product-type.application";
		};
		1FFD345A196C317100E84FF2 /* loginTests */ = {
			isa = PBXNativeTarget;
			buildConfigurationList = 1FFD346F196C317100E84FF2 /* Build configuration list for PBXNativeTarget "loginTests" */;
			buildPhases = (
				1FFD3457196C317100E84FF2 /* Sources */,
				1FFD3458196C317100E84FF2 /* Frameworks */,
				1FFD3459196C317100E84FF2 /* Resources */,
			);
			buildRules = (
			);
			dependencies = (
				1FFD3461196C317100E84FF2 /* PBXTargetDependency */,
			);
			name = loginTests;
			productName = loginTests;
			productReference = 1FFD345B196C317100E84FF2 /* loginTests.xctest */;
			productType = "com.apple.product-type.bundle.unit-test";
		};
/* End PBXNativeTarget section */

/* Begin PBXProject section */
		1FFD342F196C317000E84FF2 /* Project object */ = {
			isa = PBXProject;
			attributes = {
				LastUpgradeCheck = 0510;
				ORGANIZATIONNAME = "Leoc O'Cear";
				TargetAttributes = {
					1FFD345A196C317100E84FF2 = {
						TestTargetID = 1FFD3436196C317000E84FF2;
					};
				};
			};
			buildConfigurationList = 1FFD3432196C317000E84FF2 /* Build configuration list for PBXProject "login" */;
			compatibilityVersion = "Xcode 3.2";
			developmentRegion = English;
			hasScannedForEncodings = 0;
			knownRegions = (
				en,
				Base,
			);
			mainGroup = 1FFD342E196C317000E84FF2;
			productRefGroup = 1FFD3438196C317000E84FF2 /* Products */;
			projectDirPath = "";
			projectRoot = "";
			targets = (
				1FFD3436196C317000E84FF2 /* login */,
				1FFD345A196C317100E84FF2 /* loginTests */,
			);
		};
/* End PBXProject section */

/* Begin PBXResourcesBuildPhase section */
		1FFD3435196C317000E84FF2 /* Resources */ = {
			isa = PBXResourcesBuildPhase;
			buildActionMask = 2147483647;
			files = (
				1FFD3451196C317100E84FF2 /* Main_iPad.storyboard in Resources */,
				1FFD3456196C317100E84FF2 /* Images.xcassets in Resources */,
				1FFD344E196C317100E84FF2 /* Main_iPhone.storyboard in Resources */,
				1FFD3445196C317100E84FF2 /* InfoPlist.strings in Resources */,
			);
			runOnlyForDeploymentPostprocessing = 0;
		};
		1FFD3459196C317100E84FF2 /* Resources */ = {
			isa = PBXResourcesBuildPhase;
			buildActionMask = 2147483647;
			files = (
				1FFD3467196C317100E84FF2 /* InfoPlist.strings in Resources */,
			);
			runOnlyForDeploymentPostprocessing = 0;
		};
/* End PBXResourcesBuildPhase section */

/* Begin PBXSourcesBuildPhase section */
		1FFD3433196C317000E84FF2 /* Sources */ = {
			isa = PBXSourcesBuildPhase;
			buildActionMask = 2147483647;
			files = (
				1FFD3454196C317100E84FF2 /* ViewController.m in Sources */,
				1FFD344B196C317100E84FF2 /* AppDelegate.m in Sources */,
				1FFD3447196C317100E84FF2 /* main.m in Sources */,
			);
			runOnlyForDeploymentPostprocessing = 0;
		};
		1FFD3457196C317100E84FF2 /* Sources */ = {
			isa = PBXSourcesBuildPhase;
			buildActionMask = 2147483647;
			files = (
				1FFD3469196C317100E84FF2 /* loginTests.m in Sources */,
			);
			runOnlyForDeploymentPostprocessing = 0;
		};
/* End PBXSourcesBuildPhase section */

/* Begin PBXTargetDependency section */
		1FFD3461196C317100E84FF2 /* PBXTargetDependency */ = {
			isa = PBXTargetDependency;
			target = 1FFD3436196C317000E84FF2 /* login */;
			targetProxy = 1FFD3460196C317100E84FF2 /* PBXContainerItemProxy */;
		};
/* End PBXTargetDependency section */

/* Begin PBXVariantGroup section */
		1FFD3443196C317100E84FF2 /* InfoPlist.strings */ = {
			isa = PBXVariantGroup;
			children = (
				1FFD3444196C317100E84FF2 /* en */,
			);
			name = InfoPlist.strings;
			sourceTree = "<group>";
		};
		1FFD344C196C317100E84FF2 /* Main_iPhone.storyboard */ = {
			isa = PBXVariantGroup;
			children = (
				1FFD344D196C317100E84FF2 /* Base */,
			);
			name = Main_iPhone.storyboard;
			sourceTree = "<group>";
		};
		1FFD344F196C317100E84FF2 /* Main_iPad.storyboard */ = {
			isa = PBXVariantGroup;
			children = (
				1FFD3450196C317100E84FF2 /* Base */,
			);
			name = Main_iPad.storyboard;
			sourceTree = "<group>";
		};
		1FFD3465196C317100E84FF2 /* InfoPlist.strings */ = {
			isa = PBXVariantGroup;
			children = (
				1FFD3466196C317100E84FF2 /* en */,
			);
			name = InfoPlist.strings;
			sourceTree = "<group>";
		};
/* End PBXVariantGroup section */

/* Begin XCBuildConfiguration section */
		1FFD346A196C317100E84FF2 /* Debug */ = {
			isa = XCBuildConfiguration;
			buildSettings = {
				ALWAYS_SEARCH_USER_PATHS = NO;
				CLANG_CXX_LANGUAGE_STANDARD = "gnu++0x";
				CLANG_CXX_LIBRARY = "libc++";
				CLANG_ENABLE_MODULES = YES;
				CLANG_ENABLE_OBJC_ARC = YES;
				CLANG_WARN_BOOL_CONVERSION = YES;
				CLANG_WARN_CONSTANT_CONVERSION = YES;
				CLANG_WARN_DIRECT_OBJC_ISA_USAGE = YES_ERROR;
				CLANG_WARN_EMPTY_BODY = YES;
				CLANG_WARN_ENUM_CONVERSION = YES;
				CLANG_WARN_INT_CONVERSION = YES;
				CLANG_WARN_OBJC_ROOT_CLASS = YES_ERROR;
				CLANG_WARN__DUPLICATE_METHOD_MATCH = YES;
				"CODE_SIGN_IDENTITY[sdk=iphoneos*]" = "iPhone Developer";
				COPY_PHASE_STRIP = NO;
				GCC_C_LANGUAGE_STANDARD = gnu99;
				GCC_DYNAMIC_NO_PIC = NO;
				GCC_OPTIMIZATION_LEVEL = 0;
				GCC_PREPROCESSOR_DEFINITIONS = (
					"DEBUG=1",
					"$(inherited)",
				);
				GCC_SYMBOLS_PRIVATE_EXTERN = NO;
				GCC_WARN_64_TO_32_BIT_CONVERSION = YES;
				GCC_WARN_ABOUT_RETURN_TYPE = YES_ERROR;
				GCC_WARN_UNDECLARED_SELECTOR = YES;
				GCC_WARN_UNINITIALIZED_AUTOS = YES_AGGRESSIVE;
				GCC_WARN_UNUSED_FUNCTION = YES;
				GCC_WARN_UNUSED_VARIABLE = YES;
				IPHONEOS_DEPLOYMENT_TARGET = 7.1;
				ONLY_ACTIVE_ARCH = YES;
				SDKROOT = iphoneos;
				TARGETED_DEVICE_FAMILY = "1,2";
			};
			name = Debug;
		};
		1FFD346B196C317100E84FF2 /* Release */ = {
			isa = XCBuildConfiguration;
			buildSettings = {
				ALWAYS_SEARCH_USER_PATHS = NO;
				CLANG_CXX_LANGUAGE_STANDARD = "gnu++0x";
				CLANG_CXX_LIBRARY = "libc++";
				CLANG_ENABLE_MODULES = YES;
				CLANG_ENABLE_OBJC_ARC = YES;
				CLANG_WARN_BOOL_CONVERSION = YES;
				CLANG_WARN_CONSTANT_CONVERSION = YES;
				CLANG_WARN_DIRECT_OBJC_ISA_USAGE = YES_ERROR;
				CLANG_WARN_EMPTY_BODY = YES;
				CLANG_WARN_ENUM_CONVERSION = YES;
				CLANG_WARN_INT_CONVERSION = YES;
				CLANG_WARN_OBJC_ROOT_CLASS = YES_ERROR;
				CLANG_WARN__DUPLICATE_METHOD_MATCH = YES;
				"CODE_SIGN_IDENTITY[sdk=iphoneos*]" = "iPhone Developer";
				COPY_PHASE_STRIP = YES;
				ENABLE_NS_ASSERTIONS = NO;
				GCC_C_LANGUAGE_STANDARD = gnu99;
				GCC_WARN_64_TO_32_BIT_CONVERSION = YES;
				GCC_WARN_ABOUT_RETURN_TYPE = YES_ERROR;
				GCC_WARN_UNDECLARED_SELECTOR = YES;
				GCC_WARN_UNINITIALIZED_AUTOS = YES_AGGRESSIVE;
				GCC_WARN_UNUSED_FUNCTION = YES;
				GCC_WARN_UNUSED_VARIABLE = YES;
				IPHONEOS_DEPLOYMENT_TARGET = 7.1;
				SDKROOT = iphoneos;
				TARGETED_DEVICE_FAMILY = "1,2";
				VALIDATE_PRODUCT = YES;
			};
			name = Release;
		};
		1FFD346D196C317100E84FF2 /* Debug */ = {
			isa = XCBuildConfiguration;
			buildSettings = {
				ASSETCATALOG_COMPILER_APPICON_NAME = AppIcon;
				ASSETCATALOG_COMPILER_LAUNCHIMAGE_NAME = LaunchImage;
				GCC_PRECOMPILE_PREFIX_HEADER = YES;
				GCC_PREFIX_HEADER = "login/login-Prefix.pch";
				INFOPLIST_FILE = "login/login-Info.plist";
				PRODUCT_NAME = "$(TARGET_NAME)";
				WRAPPER_EXTENSION = app;
			};
			name = Debug;
		};
		1FFD346E196C317100E84FF2 /* Release */ = {
			isa = XCBuildConfiguration;
			buildSettings = {
				ASSETCATALOG_COMPILER_APPICON_NAME = AppIcon;
				ASSETCATALOG_COMPILER_LAUNCHIMAGE_NAME = LaunchImage;
				GCC_PRECOMPILE_PREFIX_HEADER = YES;
				GCC_PREFIX_HEADER = "login/login-Prefix.pch";
				INFOPLIST_FILE = "login/login-Info.plist";
				PRODUCT_NAME = "$(TARGET_NAME)";
				WRAPPER_EXTENSION = app;
			};
			name = Release;
		};
		1FFD3470196C317100E84FF2 /* Debug */ = {
			isa = XCBuildConfiguration;
			buildSettings = {
				BUNDLE_LOADER = "$(BUILT_PRODUCTS_DIR)/login.app/login";
				FRAMEWORK_SEARCH_PATHS = (
					"$(SDKROOT)/Developer/Library/Frameworks",
					"$(inherited)",
					"$(DEVELOPER_FRAMEWORKS_DIR)",
				);
				GCC_PRECOMPILE_PREFIX_HEADER = YES;
				GCC_PREFIX_HEADER = "login/login-Prefix.pch";
				GCC_PREPROCESSOR_DEFINITIONS = (
					"DEBUG=1",
					"$(inherited)",
				);
				INFOPLIST_FILE = "loginTests/loginTests-Info.plist";
				PRODUCT_NAME = "$(TARGET_NAME)";
				TEST_HOST = "$(BUNDLE_LOADER)";
				WRAPPER_EXTENSION = xctest;
			};
			name = Debug;
		};
		1FFD3471196C317100E84FF2 /* Release */ = {
			isa = XCBuildConfiguration;
			buildSettings = {
				BUNDLE_LOADER = "$(BUILT_PRODUCTS_DIR)/login.app/login";
				FRAMEWORK_SEARCH_PATHS = (
					"$(SDKROOT)/Developer/Library/Frameworks",
					"$(inherited)",
					"$(DEVELOPER_FRAMEWORKS_DIR)",
				);
				GCC_PRECOMPILE_PREFIX_HEADER = YES;
				GCC_PREFIX_HEADER = "login/login-Prefix.pch";
				INFOPLIST_FILE = "loginTests/loginTests-Info.plist";
				PRODUCT_NAME = "$(TARGET_NAME)";
				TEST_HOST = "$(BUNDLE_LOADER)";
				WRAPPER_EXTENSION = xctest;
			};
			name = Release;
		};
/* End XCBuildConfiguration section */

/* Begin XCConfigurationList section */
		1FFD3432196C317000E84FF2 /* Build configuration list for PBXProject "login" */ = {
			isa = XCConfigurationList;
			buildConfigurations = (
				1FFD346A196C317100E84FF2 /* Debug */,
				1FFD346B196C317100E84FF2 /* Release */,
			);
			defaultConfigurationIsVisible = 0;
			defaultConfigurationName = Release;
		};
		1FFD346C196C317100E84FF2 /* Build configuration list for PBXNativeTarget "login" */ = {
			isa = XCConfigurationList;
			buildConfigurations = (
				1FFD346D196C317100E84FF2 /* Debug */,
				1FFD346E196C317100E84FF2 /* Release */,
			);
			defaultConfigurationIsVisible = 0;
		};
		1FFD346F196C317100E84FF2 /* Build configuration list for PBXNativeTarget "loginTests" */ = {
			isa = XCConfigurationList;
			buildConfigurations = (
				1FFD3470196C317100E84FF2 /* Debug */,
				1FFD3471196C317100E84FF2 /* Release */,
			);
			defaultConfigurationIsVisible = 0;
		};
/* End XCConfigurationList section */
	};
	rootObject = 1FFD342F196C317000E84FF2 /* Project object */;
}
